
Microsoft Visual Studio Solution File, Format Version 12.00
# Visual Studio 2013
VisualStudioVersion = 12.0.20827.3
MinimumVisualStudioVersion = 10.0.40219.1
Project("{FAE04EC0-301F-11D3-BF4B-00C04F79EFBC}") = "MySample.Models", "MySample.Models\MySample.Models.csproj", "{B951F26A-72DF-4299-BC9E-845A914DC182}"
EndProject
Project("{FAE04EC0-301F-11D3-BF4B-00C04F79EFBC}") = "MySample.Data", "MySample.Data\MySample.Data.csproj", "{A7939495-0D1D-4FC5-9325-3D5D41A48416}"
EndProject
Project("{FAE04EC0-301F-11D3-BF4B-00C04F79EFBC}") = "MySample.WebMVC", "MySample.WebMVC\MySample.WebMVC.csproj", "{2A0D80E8-7087-45FF-B00D-B6FEB49A5AFB}"
EndProject
Project("{FAE04EC0-301F-11D3-BF4B-00C04F79EFBC}") = "MySample.WebAPI", "MySample.WebAPI\MySample.WebAPI.csproj", "{C5DB8DE5-F47E-4355-8163-4D4614FB91C7}"
EndProject
Global
	GlobalSection(SolutionConfigurationPlatforms) = preSolution
		Debug|Any CPU = Debug|Any CPU
		Release|Any CPU = Release|Any CPU
	EndGlobalSection
	GlobalSection(ProjectConfigurationPlatforms) = postSolution
		{B951F26A-72DF-4299-BC9E-845A914DC182}.Debug|Any CPU.ActiveCfg = Debug|Any CPU
		{B951F26A-72DF-4299-BC9E-845A914DC182}.Debug|Any CPU.Build.0 = Debug|Any CPU
		{B951F26A-72DF-4299-BC9E-845A914DC182}.Release|Any CPU.ActiveCfg = Release|Any CPU
		{B951F26A-72DF-4299-BC9E-845A914DC182}.Release|Any CPU.Build.0 = Release|Any CPU
		{A7939495-0D1D-4FC5-9325-3D5D41A48416}.Debug|Any CPU.ActiveCfg = Debug|Any CPU
		{A7939495-0D1D-4FC5-9325-3D5D41A48416}.Debug|Any CPU.Build.0 = Debug|Any CPU
		{A7939495-0D1D-4FC5-9325-3D5D41A48416}.Release|Any CPU.ActiveCfg = Release|Any CPU
		{A7939495-0D1D-4FC5-9325-3D5D41A48416}.Release|Any CPU.Build.0 = Release|Any CPU
		{2A0D80E8-7087-45FF-B00D-B6FEB49A5AFB}.Debug|Any CPU.ActiveCfg = Debug|Any CPU
		{2A0D80E8-7087-45FF-B00D-B6FEB49A5AFB}.Debug|Any CPU.Build.0 = Debug|Any CPU
		{2A0D80E8-7087-45FF-B00D-B6FEB49A5AFB}.Release|Any CPU.ActiveCfg = Release|Any CPU
		{2A0D80E8-7087-45FF-B00D-B6FEB49A5AFB}.Release|Any CPU.Build.0 = Release|Any CPU
		{C5DB8DE5-F47E-4355-8163-4D4614FB91C7}.Debug|Any CPU.ActiveCfg = Debug|Any CPU
		{C5DB8DE5-F47E-4355-8163-4D4614FB91C7}.Debug|Any CPU.Build.0 = Debug|Any CPU
		{C5DB8DE5-F47E-4355-8163-4D4614FB91C7}.Release|Any CPU.ActiveCfg = Release|Any CPU
		{C5DB8DE5-F47E-4355-8163-4D4614FB91C7}.Release|Any CPU.Build.0 = Release|Any CPU
	EndGlobalSection
	GlobalSection(SolutionProperties) = preSolution
		HideSolutionNode = FALSE
	EndGlobalSection
EndGlobal
